# This file is automatically @generated by Wally.
# It is not intended for manual editing.
registry = "test"

[[package]]
name = "alicesaidhi/jabby"
version = "0.4.0"
dependencies = [["jecs", "ukendio/jecs@0.9.0"], ["pebble", "alicesaidhi/pebble@0.1.2"], ["vide", "centau/vide@0.3.1"]]

[[package]]
name = "alicesaidhi/pebble"
version = "0.1.2"
dependencies = [["vide", "centau/vide@0.3.1"]]

[[package]]
name = "centau/vide"
version = "0.3.1"
dependencies = []

[[package]]
name = "ldgerrits/replica"
version = "1.0.3"
dependencies = []

[[package]]
name = "pepeeltoro41/jecs-utils"
version = "1.1.0"
dependencies = [["jecs", "ukendio/jecs@0.9.0"]]

[[package]]
name = "ukendio/jecs"
version = "0.9.0"
dependencies = []

[[package]]
name = "uuath/iv"
version = "0.1.0"
dependencies = [["jabby", "alicesaidhi/jabby@0.4.0"], ["jecs", "ukendio/jecs@0.9.0"], ["jecs-utils", "pepeeltoro41/jecs-utils@1.1.0"], ["replica", "ldgerrits/replica@1.0.3"]]
